
Microsoft Visual Studio Solution File, Format Version 12.00
# Visual Studio 14
VisualStudioVersion = 14.0.25123.0
MinimumVisualStudioVersion = 10.0.40219.1
Project("{FAE04EC0-301F-11D3-BF4B-00C04F79EFBC}") = "FishAndShips.Android", "FishAndShips\FishAndShips.Android.csproj", "{B3641594-A04A-478D-A832-4FB63CC80CE2}"
EndProject
Project("{FAE04EC0-301F-11D3-BF4B-00C04F79EFBC}") = "FishAndShips.Common", "FishAndShips.Common\FishAndShips.Common\FishAndShips.Common.csproj", "{F207AD65-26A6-407C-8FE4-D8FDF31B6B4C}"
EndProject
Global
	GlobalSection(SolutionConfigurationPlatforms) = preSolution
		AppStore|Any CPU = AppStore|Any CPU
		AppStore|iPhone = AppStore|iPhone
		AppStore|iPhoneSimulator = AppStore|iPhoneSimulator
		Debug|Any CPU = Debug|Any CPU
		Debug|iPhone = Debug|iPhone
		Debug|iPhoneSimulator = Debug|iPhoneSimulator
		Release|Any CPU = Release|Any CPU
		Release|iPhone = Release|iPhone
		Release|iPhoneSimulator = Release|iPhoneSimulator
	EndGlobalSection
	GlobalSection(ProjectConfigurationPlatforms) = postSolution
		{B3641594-A04A-478D-A832-4FB63CC80CE2}.AppStore|Any CPU.ActiveCfg = Release|Any CPU
		{B3641594-A04A-478D-A832-4FB63CC80CE2}.AppStore|Any CPU.Build.0 = Release|Any CPU
		{B3641594-A04A-478D-A832-4FB63CC80CE2}.AppStore|Any CPU.Deploy.0 = Release|Any CPU
		{B3641594-A04A-478D-A832-4FB63CC80CE2}.AppStore|iPhone.ActiveCfg = Release|Any CPU
		{B3641594-A04A-478D-A832-4FB63CC80CE2}.AppStore|iPhone.Build.0 = Release|Any CPU
		{B3641594-A04A-478D-A832-4FB63CC80CE2}.AppStore|iPhone.Deploy.0 = Release|Any CPU
		{B3641594-A04A-478D-A832-4FB63CC80CE2}.AppStore|iPhoneSimulator.ActiveCfg = Release|Any CPU
		{B3641594-A04A-478D-A832-4FB63CC80CE2}.AppStore|iPhoneSimulator.Build.0 = Release|Any CPU
		{B3641594-A04A-478D-A832-4FB63CC80CE2}.AppStore|iPhoneSimulator.Deploy.0 = Release|Any CPU
		{B3641594-A04A-478D-A832-4FB63CC80CE2}.Debug|Any CPU.ActiveCfg = Debug|Any CPU
		{B3641594-A04A-478D-A832-4FB63CC80CE2}.Debug|Any CPU.Build.0 = Debug|Any CPU
		{B3641594-A04A-478D-A832-4FB63CC80CE2}.Debug|Any CPU.Deploy.0 = Debug|Any CPU
		{B3641594-A04A-478D-A832-4FB63CC80CE2}.Debug|iPhone.ActiveCfg = Debug|Any CPU
		{B3641594-A04A-478D-A832-4FB63CC80CE2}.Debug|iPhone.Build.0 = Debug|Any CPU
		{B3641594-A04A-478D-A832-4FB63CC80CE2}.Debug|iPhone.Deploy.0 = Debug|Any CPU
		{B3641594-A04A-478D-A832-4FB63CC80CE2}.Debug|iPhoneSimulator.ActiveCfg = Debug|Any CPU
		{B3641594-A04A-478D-A832-4FB63CC80CE2}.Debug|iPhoneSimulator.Build.0 = Debug|Any CPU
		{B3641594-A04A-478D-A832-4FB63CC80CE2}.Debug|iPhoneSimulator.Deploy.0 = Debug|Any CPU
		{B3641594-A04A-478D-A832-4FB63CC80CE2}.Release|Any CPU.ActiveCfg = Release|Any CPU
		{B3641594-A04A-478D-A832-4FB63CC80CE2}.Release|Any CPU.Build.0 = Release|Any CPU
		{B3641594-A04A-478D-A832-4FB63CC80CE2}.Release|Any CPU.Deploy.0 = Release|Any CPU
		{B3641594-A04A-478D-A832-4FB63CC80CE2}.Release|iPhone.ActiveCfg = Release|Any CPU
		{B3641594-A04A-478D-A832-4FB63CC80CE2}.Release|iPhone.Build.0 = Release|Any CPU
		{B3641594-A04A-478D-A832-4FB63CC80CE2}.Release|iPhone.Deploy.0 = Release|Any CPU
		{B3641594-A04A-478D-A832-4FB63CC80CE2}.Release|iPhoneSimulator.ActiveCfg = Release|Any CPU
		{B3641594-A04A-478D-A832-4FB63CC80CE2}.Release|iPhoneSimulator.Build.0 = Release|Any CPU
		{B3641594-A04A-478D-A832-4FB63CC80CE2}.Release|iPhoneSimulator.Deploy.0 = Release|Any CPU
		{F207AD65-26A6-407C-8FE4-D8FDF31B6B4C}.AppStore|Any CPU.ActiveCfg = Release|Any CPU
		{F207AD65-26A6-407C-8FE4-D8FDF31B6B4C}.AppStore|Any CPU.Build.0 = Release|Any CPU
		{F207AD65-26A6-407C-8FE4-D8FDF31B6B4C}.AppStore|iPhone.ActiveCfg = Release|Any CPU
		{F207AD65-26A6-407C-8FE4-D8FDF31B6B4C}.AppStore|iPhone.Build.0 = Release|Any CPU
		{F207AD65-26A6-407C-8FE4-D8FDF31B6B4C}.AppStore|iPhoneSimulator.ActiveCfg = Release|Any CPU
		{F207AD65-26A6-407C-8FE4-D8FDF31B6B4C}.AppStore|iPhoneSimulator.Build.0 = Release|Any CPU
		{F207AD65-26A6-407C-8FE4-D8FDF31B6B4C}.Debug|Any CPU.ActiveCfg = Debug|Any CPU
		{F207AD65-26A6-407C-8FE4-D8FDF31B6B4C}.Debug|Any CPU.Build.0 = Debug|Any CPU
		{F207AD65-26A6-407C-8FE4-D8FDF31B6B4C}.Debug|iPhone.ActiveCfg = Debug|Any CPU
		{F207AD65-26A6-407C-8FE4-D8FDF31B6B4C}.Debug|iPhone.Build.0 = Debug|Any CPU
		{F207AD65-26A6-407C-8FE4-D8FDF31B6B4C}.Debug|iPhoneSimulator.ActiveCfg = Debug|Any CPU
		{F207AD65-26A6-407C-8FE4-D8FDF31B6B4C}.Debug|iPhoneSimulator.Build.0 = Debug|Any CPU
		{F207AD65-26A6-407C-8FE4-D8FDF31B6B4C}.Release|Any CPU.ActiveCfg = Release|Any CPU
		{F207AD65-26A6-407C-8FE4-D8FDF31B6B4C}.Release|Any CPU.Build.0 = Release|Any CPU
		{F207AD65-26A6-407C-8FE4-D8FDF31B6B4C}.Release|iPhone.ActiveCfg = Release|Any CPU
		{F207AD65-26A6-407C-8FE4-D8FDF31B6B4C}.Release|iPhone.Build.0 = Release|Any CPU
		{F207AD65-26A6-407C-8FE4-D8FDF31B6B4C}.Release|iPhoneSimulator.ActiveCfg = Release|Any CPU
		{F207AD65-26A6-407C-8FE4-D8FDF31B6B4C}.Release|iPhoneSimulator.Build.0 = Release|Any CPU
	EndGlobalSection
	GlobalSection(SolutionProperties) = preSolution
		HideSolutionNode = FALSE
	EndGlobalSection
EndGlobal
